
Microsoft Visual Studio Solution File, Format Version 12.00
# Visual Studio Version 17
VisualStudioVersion = 17.14.36202.13 d17.14
MinimumVisualStudioVersion = 10.0.40219.1
Project("{FAE04EC0-301F-11D3-BF4B-00C04F79EFBC}") = "ExamPrepIdeaCenter", "ExamPrepIdeaCenter\ExamPrepIdeaCenter.csproj", "{D7E7D7A6-27E5-442D-AAFA-87CC3658D864}"
EndProject
Global
	GlobalSection(SolutionConfigurationPlatforms) = preSolution
		Debug|Any CPU = Debug|Any CPU
		Release|Any CPU = Release|Any CPU
	EndGlobalSection
	GlobalSection(ProjectConfigurationPlatforms) = postSolution
		{D7E7D7A6-27E5-442D-AAFA-87CC3658D864}.Debug|Any CPU.ActiveCfg = Debug|Any CPU
		{D7E7D7A6-27E5-442D-AAFA-87CC3658D864}.Debug|Any CPU.Build.0 = Debug|Any CPU
		{D7E7D7A6-27E5-442D-AAFA-87CC3658D864}.Release|Any CPU.ActiveCfg = Release|Any CPU
		{D7E7D7A6-27E5-442D-AAFA-87CC3658D864}.Release|Any CPU.Build.0 = Release|Any CPU
	EndGlobalSection
	GlobalSection(SolutionProperties) = preSolution
		HideSolutionNode = FALSE
	EndGlobalSection
	GlobalSection(ExtensibilityGlobals) = postSolution
		SolutionGuid = {89FDF1D9-12E7-4ABE-B45F-D2EEE71CF74C}
	EndGlobalSection
EndGlobal
